<?xml version="1.0" encoding="utf-8"?>
<Project ToolsVersion="4.0" xmlns="http://schemas.microsoft.com/developer/msbuild/2003">
  <ItemGroup>
    <Filter Include="Source Files">
      <UniqueIdentifier>{4FC737F1-C7A5-4376-A066-2A32D752A2FF}</UniqueIdentifier>
      <Extensions>cpp;c;cc;cxx;def;odl;idl;hpj;bat;asm;asmx</Extensions>
    </Filter>
    <Filter Include="Header Files">
      <UniqueIdentifier>{93995380-89BD-4b04-88EB-625FBE52EBFB}</UniqueIdentifier>
      <Extensions>h;hh;hpp;hxx;hm;inl;inc;ipp;xsd</Extensions>
    </Filter>
    <Filter Include="Resource Files">
      <UniqueIdentifier>{67DA6AB6-F800-4c08-8B7A-83BB121AAD01}</UniqueIdentifier>
      <Extensions>rc;ico;cur;bmp;dlg;rc2;rct;bin;rgs;gif;jpg;jpeg;jpe;resx;tiff;tif;png;wav;mfcribbon-ms</Extensions>
    </Filter>
    <Filter Include="Source Files\editor">
      <UniqueIdentifier>{3fd6bbd2-7d24-4309-ab7a-a8b48bd6047c}</UniqueIdentifier>
    </Filter>
    <Filter Include="Source Files\graphics">
      <UniqueIdentifier>{070cee5c-d1fa-4de5-ab0e-f473d76dd8aa}</UniqueIdentifier>
    </Filter>
    <Filter Include="Source Files\model">
      <UniqueIdentifier>{87d436c4-3835-44f0-bd14-f5ccaf0c68f0}</UniqueIdentifier>
    </Filter>
    <Filter Include="Source Files\opengl">
      <UniqueIdentifier>{76c88fe5-0775-4167-b129-311969359e0f}</UniqueIdentifier>
    </Filter>
    <Filter Include="Source Files\ui">
      <UniqueIdentifier>{d29f94b1-cd1f-4aae-9f42-ea37f7be725a}</UniqueIdentifier>
    </Filter>
    <Filter Include="Source Files\ecs">
      <UniqueIdentifier>{3651aab1-3cd9-4731-b077-d7a0a4c79785}</UniqueIdentifier>
    </Filter>
    <Filter Include="Source Files\physics">
      <UniqueIdentifier>{ac9184ad-8048-4a4b-b48e-dab381614066}</UniqueIdentifier>
    </Filter>
    <Filter Include="Source Files\serialization">
      <UniqueIdentifier>{77b8719f-a4f4-4dfc-a77e-11a5bde3b44b}</UniqueIdentifier>
    </Filter>
    <Filter Include="Header Files\ecs">
      <UniqueIdentifier>{374fd9ab-ae15-4084-91e5-399fc31c40a1}</UniqueIdentifier>
    </Filter>
    <Filter Include="Header Files\editor">
      <UniqueIdentifier>{6cdcf995-05f1-4d2e-8f96-fd3fbf660eba}</UniqueIdentifier>
    </Filter>
    <Filter Include="Header Files\graphics">
      <UniqueIdentifier>{bf97e666-315c-4b17-bb0c-d3cb4aca7f72}</UniqueIdentifier>
    </Filter>
    <Filter Include="Header Files\model">
      <UniqueIdentifier>{0d260be7-7599-465a-87c0-8660af37d3a3}</UniqueIdentifier>
    </Filter>
    <Filter Include="Header Files\opengl">
      <UniqueIdentifier>{d7b93f59-a544-4825-ae15-00f2c217dc01}</UniqueIdentifier>
    </Filter>
    <Filter Include="Header Files\physics">
      <UniqueIdentifier>{46dc3831-af77-4b8d-9af2-2fae9bc59b2d}</UniqueIdentifier>
    </Filter>
    <Filter Include="Header Files\serialization">
      <UniqueIdentifier>{8390612b-c327-4665-8026-736336861412}</UniqueIdentifier>
    </Filter>
    <Filter Include="Header Files\ui">
      <UniqueIdentifier>{e46c9b2c-7fe4-4c87-8b64-64c25a55f97f}</UniqueIdentifier>
    </Filter>
    <Filter Include="Header Files\reflection">
      <UniqueIdentifier>{99e87a54-479e-4f11-a2a9-bbf3497a6f6f}</UniqueIdentifier>
    </Filter>
    <Filter Include="Source Files\reflection">
      <UniqueIdentifier>{018681b4-3dce-41a3-9da0-98ba57ceb316}</UniqueIdentifier>
    </Filter>
  </ItemGroup>
  <ItemGroup>
    <ClCompile Include="main.cpp">
      <Filter>Source Files</Filter>
    </ClCompile>
    <ClCompile Include="ecs.cpp">
      <Filter>Source Files\ecs</Filter>
    </ClCompile>
    <ClCompile Include="window.cpp">
      <Filter>Source Files\opengl</Filter>
    </ClCompile>
    <ClCompile Include="shader.cpp">
      <Filter>Source Files\graphics</Filter>
    </ClCompile>
    <ClCompile Include="vfs.cpp">
      <Filter>Source Files</Filter>
    </ClCompile>
    <ClCompile Include="model.cpp">
      <Filter>Source Files\model</Filter>
    </ClCompile>
    <ClCompile Include="load_model.cpp">
      <Filter>Source Files\model</Filter>
    </ClCompile>
    <ClCompile Include="model_renderer.cpp">
      <Filter>Source Files\model</Filter>
    </ClCompile>
    <ClCompile Include="mesh.cpp">
      <Filter>Source Files\model</Filter>
    </ClCompile>
    <ClCompile Include="buffer.cpp">
      <Filter>Source Files\opengl</Filter>
    </ClCompile>
    <ClCompile Include="culling.cpp">
      <Filter>Source Files\graphics</Filter>
    </ClCompile>
    <ClCompile Include="temporary.cpp">
      <Filter>Source Files</Filter>
    </ClCompile>
    <ClCompile Include="draw.cpp">
      <Filter>Source Files\opengl</Filter>
    </ClCompile>
    <ClCompile Include="renderParams.cpp">
      <Filter>Source Files\graphics</Filter>
    </ClCompile>
    <ClCompile Include="transforms.cpp">
      <Filter>Source Files</Filter>
    </ClCompile>
    <ClCompile Include="materialSystem.cpp">
      <Filter>Source Files\graphics</Filter>
    </ClCompile>
    <ClCompile Include="camera.cpp">
      <Filter>Source Files\graphics</Filter>
    </ClCompile>
    <ClCompile Include="input.cpp">
      <Filter>Source Files</Filter>
    </ClCompile>
    <ClCompile Include="flyover.cpp">
      <Filter>Source Files</Filter>
    </ClCompile>
    <ClCompile Include="time.cpp">
      <Filter>Source Files</Filter>
    </ClCompile>
    <ClCompile Include="update_params.cpp">
      <Filter>Source Files\ecs</Filter>
    </ClCompile>
    <ClCompile Include="texture.cpp">
      <Filter>Source Files\opengl</Filter>
    </ClCompile>
    <ClCompile Include="frameBuffer.cpp">
      <Filter>Source Files\opengl</Filter>
    </ClCompile>
    <ClCompile Include="device.cpp">
      <Filter>Source Files</Filter>
    </ClCompile>
    <ClCompile Include="renderPass.cpp">
      <Filter>Source Files\graphics</Filter>
    </ClCompile>
    <ClCompile Include="shadow.cpp">
      <Filter>Source Files\graphics</Filter>
    </ClCompile>
    <ClCompile Include="volumetric.cpp">
      <Filter>Source Files\graphics</Filter>
    </ClCompile>
    <ClCompile Include="primitives.cpp">
      <Filter>Source Files\graphics</Filter>
    </ClCompile>
    <ClCompile Include="lights.cpp">
      <Filter>Source Files\graphics</Filter>
    </ClCompile>
    <ClCompile Include="ibl.cpp">
      <Filter>Source Files\graphics</Filter>
    </ClCompile>
    <ClCompile Include="reflection.cpp">
      <Filter>Source Files\reflection</Filter>
    </ClCompile>
  </ItemGroup>
  <ItemGroup>
    <ClInclude Include="ecs.h">
      <Filter>Header Files\ecs</Filter>
    </ClInclude>
    <ClInclude Include="layermask.h">
      <Filter>Header Files</Filter>
    </ClInclude>
    <ClInclude Include="system.h">
      <Filter>Header Files\ecs</Filter>
    </ClInclude>
    <ClInclude Include="window.h">
      <Filter>Header Files\opengl</Filter>
    </ClInclude>
    <ClInclude Include="eventDispatcher.h">
      <Filter>Header Files\ecs</Filter>
    </ClInclude>
    <ClInclude Include="model.h">
      <Filter>Header Files\model</Filter>
    </ClInclude>
    <ClInclude Include="buffer.h">
      <Filter>Header Files\opengl</Filter>
    </ClInclude>
    <ClInclude Include="culling.h">
      <Filter>Header Files\graphics</Filter>
    </ClInclude>
    <ClInclude Include="materialSystem.h">
      <Filter>Header Files\graphics</Filter>
    </ClInclude>
    <ClInclude Include="shader.h">
      <Filter>Header Files\graphics</Filter>
    </ClInclude>
    <ClInclude Include="vfs.h">
      <Filter>Header Files</Filter>
    </ClInclude>
    <ClInclude Include="temporary.h">
      <Filter>Header Files</Filter>
    </ClInclude>
    <ClInclude Include="draw.h">
      <Filter>Header Files\opengl</Filter>
    </ClInclude>
    <ClInclude Include="id.h">
      <Filter>Header Files\ecs</Filter>
    </ClInclude>
    <ClInclude Include="transform.h">
      <Filter>Header Files</Filter>
    </ClInclude>
    <ClInclude Include="camera.h">
      <Filter>Header Files\graphics</Filter>
    </ClInclude>
    <ClInclude Include="input.h">
      <Filter>Header Files</Filter>
    </ClInclude>
    <ClInclude Include="flyover.h">
      <Filter>Header Files</Filter>
    </ClInclude>
    <ClInclude Include="game_time.h">
      <Filter>Header Files</Filter>
    </ClInclude>
    <ClInclude Include="frameBuffer.h">
      <Filter>Header Files\opengl</Filter>
    </ClInclude>
    <ClInclude Include="texture.h">
      <Filter>Header Files\opengl</Filter>
    </ClInclude>
    <ClInclude Include="device.h">
      <Filter>Header Files</Filter>
    </ClInclude>
    <ClInclude Include="shadow.h">
      <Filter>Header Files\graphics</Filter>
    </ClInclude>
    <ClInclude Include="lights.h">
      <Filter>Header Files\graphics</Filter>
    </ClInclude>
    <ClInclude Include="primitives.h">
      <Filter>Header Files\graphics</Filter>
    </ClInclude>
    <ClInclude Include="volumetric.h">
      <Filter>Header Files\graphics</Filter>
    </ClInclude>
    <ClInclude Include="pass.h">
      <Filter>Header Files\graphics</Filter>
    </ClInclude>
    <ClInclude Include="renderPass.h">
      <Filter>Header Files\graphics</Filter>
    </ClInclude>
    <ClInclude Include="ibl.h">
      <Filter>Header Files\graphics</Filter>
    </ClInclude>
    <ClInclude Include="reflection.h">
      <Filter>Header Files\reflection</Filter>
    </ClInclude>
    <ClInclude Include="physics.h">
      <Filter>Header Files\physics</Filter>
    </ClInclude>
  </ItemGroup>
  <ItemGroup>
    <None Include="fbuild.bff">
      <Filter>Source Files</Filter>
    </None>
  </ItemGroup>
</Project>